
Microsoft Visual Studio Solution File, Format Version 12.00
# Visual Studio 15
VisualStudioVersion = 15.0.28307.902
MinimumVisualStudioVersion = 10.0.40219.1
Project("{FAE04EC0-301F-11D3-BF4B-00C04F79EFBC}") = "SeriLog_Logger", "SeriLog_Logger\SeriLog_Logger.csproj", "{3246AF63-402E-412D-9D35-62C605134A4B}"
EndProject
Global
	GlobalSection(SolutionConfigurationPlatforms) = preSolution
		Debug|Any CPU = Debug|Any CPU
		Release|Any CPU = Release|Any CPU
	EndGlobalSection
	GlobalSection(ProjectConfigurationPlatforms) = postSolution
		{3246AF63-402E-412D-9D35-62C605134A4B}.Debug|Any CPU.ActiveCfg = Debug|Any CPU
		{3246AF63-402E-412D-9D35-62C605134A4B}.Debug|Any CPU.Build.0 = Debug|Any CPU
		{3246AF63-402E-412D-9D35-62C605134A4B}.Release|Any CPU.ActiveCfg = Release|Any CPU
		{3246AF63-402E-412D-9D35-62C605134A4B}.Release|Any CPU.Build.0 = Release|Any CPU
	EndGlobalSection
	GlobalSection(SolutionProperties) = preSolution
		HideSolutionNode = FALSE
	EndGlobalSection
	GlobalSection(ExtensibilityGlobals) = postSolution
		SolutionGuid = {5F125E71-C050-4CC6-987F-A2C6A440A8D5}
	EndGlobalSection
EndGlobal
